// !$*UTF8*$!
{
	archiveVersion = 1;
	classes = {
	};
	objectVersion = 56;
	objects = {

/* Begin PBXBuildFile section */
		075C1E0529A48D0A00C9268B /* README.md in Resources */ = {isa = PBXBuildFile; fileRef = 075C1E0429A48D0A00C9268B /* README.md */; };
		075C1E0729A48F0100C9268B /* MarcaEnums.swift in Sources */ = {isa = PBXBuildFile; fileRef = 075C1E0629A48F0100C9268B /* MarcaEnums.swift */; };
		075C1E0929A494E600C9268B /* KeyChainProxy.swift in Sources */ = {isa = PBXBuildFile; fileRef = 075C1E0829A494E600C9268B /* KeyChainProxy.swift */; };
		078523DB29767CE4003FDB12 /* Cognito.swift in Sources */ = {isa = PBXBuildFile; fileRef = 078523C229767CDE003FDB12 /* Cognito.swift */; };
		078523DD29767CE4003FDB12 /* ContentViewParent.swift in Sources */ = {isa = PBXBuildFile; fileRef = 078523C429767CDF003FDB12 /* ContentViewParent.swift */; };
		078523E429767CE5003FDB12 /* MarcaClassFactory.swift in Sources */ = {isa = PBXBuildFile; fileRef = 078523CF29767CE1003FDB12 /* MarcaClassFactory.swift */; };
		078523E729767CE5003FDB12 /* LoginView.swift in Sources */ = {isa = PBXBuildFile; fileRef = 078523D429767CE3003FDB12 /* LoginView.swift */; };
		078523E929767CE5003FDB12 /* _M.swift in Sources */ = {isa = PBXBuildFile; fileRef = 078523D729767CE4003FDB12 /* _M.swift */; };
		078523F229767D90003FDB12 /* AWSAPIPlugin in Frameworks */ = {isa = PBXBuildFile; productRef = 078523F129767D90003FDB12 /* AWSAPIPlugin */; };
		078523F429767D90003FDB12 /* AWSCognitoAuthPlugin in Frameworks */ = {isa = PBXBuildFile; productRef = 078523F329767D90003FDB12 /* AWSCognitoAuthPlugin */; };
		078523F629767D90003FDB12 /* AWSDataStorePlugin in Frameworks */ = {isa = PBXBuildFile; productRef = 078523F529767D90003FDB12 /* AWSDataStorePlugin */; };
		078523F829767D90003FDB12 /* AWSLocationGeoPlugin in Frameworks */ = {isa = PBXBuildFile; productRef = 078523F729767D90003FDB12 /* AWSLocationGeoPlugin */; };
		078523FA29767D90003FDB12 /* AWSPinpointAnalyticsPlugin in Frameworks */ = {isa = PBXBuildFile; productRef = 078523F929767D90003FDB12 /* AWSPinpointAnalyticsPlugin */; };
		078523FC29767D90003FDB12 /* AWSPluginsCore in Frameworks */ = {isa = PBXBuildFile; productRef = 078523FB29767D90003FDB12 /* AWSPluginsCore */; };
		078523FE29767D90003FDB12 /* AWSS3StoragePlugin in Frameworks */ = {isa = PBXBuildFile; productRef = 078523FD29767D90003FDB12 /* AWSS3StoragePlugin */; };
		0785240029767D90003FDB12 /* Amplify in Frameworks */ = {isa = PBXBuildFile; productRef = 078523FF29767D90003FDB12 /* Amplify */; };
		0785240329767FA3003FDB12 /* awsconfiguration.json in Resources */ = {isa = PBXBuildFile; fileRef = 0785240129767FA2003FDB12 /* awsconfiguration.json */; };
		0785240429767FA3003FDB12 /* amplifyconfiguration.json in Resources */ = {isa = PBXBuildFile; fileRef = 0785240229767FA3003FDB12 /* amplifyconfiguration.json */; };
		0785240C297909FE003FDB12 /* TextCreateView.swift in Sources */ = {isa = PBXBuildFile; fileRef = 07852409297909FE003FDB12 /* TextCreateView.swift */; };
		0785241029790A14003FDB12 /* LogsView.swift in Sources */ = {isa = PBXBuildFile; fileRef = 0785240F29790A14003FDB12 /* LogsView.swift */; };
		0785241229790A23003FDB12 /* TaskView.swift in Sources */ = {isa = PBXBuildFile; fileRef = 0785241129790A23003FDB12 /* TaskView.swift */; };
		0785241429790AEF003FDB12 /* ContentView.swift in Sources */ = {isa = PBXBuildFile; fileRef = 0785241329790AEF003FDB12 /* ContentView.swift */; };
		079849C9298C766900F3E9DD /* MarcaHeader.swift in Sources */ = {isa = PBXBuildFile; fileRef = 079849C8298C766900F3E9DD /* MarcaHeader.swift */; };
		079849CB298C76A400F3E9DD /* MarcaFooter.swift in Sources */ = {isa = PBXBuildFile; fileRef = 079849CA298C76A400F3E9DD /* MarcaFooter.swift */; };
		079849CE298DDF4800F3E9DD /* _D.swift in Sources */ = {isa = PBXBuildFile; fileRef = 079849CD298DDF4800F3E9DD /* _D.swift */; };
		079849D1298EEFC300F3E9DD /* LogoutChoiceView.swift in Sources */ = {isa = PBXBuildFile; fileRef = 079849D0298EEFC300F3E9DD /* LogoutChoiceView.swift */; };
		079849D92990A83600F3E9DD /* MarcaTextField.swift in Sources */ = {isa = PBXBuildFile; fileRef = 079849D82990A83500F3E9DD /* MarcaTextField.swift */; };
		079849DB2990AB2000F3E9DD /* MarcaButton.swift in Sources */ = {isa = PBXBuildFile; fileRef = 079849DA2990AB2000F3E9DD /* MarcaButton.swift */; };
		079849DE29935D6200F3E9DD /* EditProfileView.swift in Sources */ = {isa = PBXBuildFile; fileRef = 079849DD29935D6100F3E9DD /* EditProfileView.swift */; };
		07BCB24A299B59BA007E0CAC /* MarcaLogView.swift in Sources */ = {isa = PBXBuildFile; fileRef = 07BCB249299B59BA007E0CAC /* MarcaLogView.swift */; };
		07BCB24C299C45DC007E0CAC /* MarcaSelect.swift in Sources */ = {isa = PBXBuildFile; fileRef = 07BCB24B299C45DB007E0CAC /* MarcaSelect.swift */; };
		07CD065929B3D58E00D32283 /* MarcaProtocols.swift in Sources */ = {isa = PBXBuildFile; fileRef = 07CD065829B3D58E00D32283 /* MarcaProtocols.swift */; };
		07CD065B29B3D5EC00D32283 /* MarcaStructs.swift in Sources */ = {isa = PBXBuildFile; fileRef = 07CD065A29B3D5EC00D32283 /* MarcaStructs.swift */; };
		07CD065D29B3E87000D32283 /* MarcaExtensions.swift in Sources */ = {isa = PBXBuildFile; fileRef = 07CD065C29B3E87000D32283 /* MarcaExtensions.swift */; };
		07E3A3672975D0AA00D53F12 /* MarcaAppApp.swift in Sources */ = {isa = PBXBuildFile; fileRef = 07E3A3662975D0AA00D53F12 /* MarcaAppApp.swift */; };
		07E3A36B2975D0B400D53F12 /* Assets.xcassets in Resources */ = {isa = PBXBuildFile; fileRef = 07E3A36A2975D0B400D53F12 /* Assets.xcassets */; };
/* End PBXBuildFile section */

/* Begin PBXFileReference section */
		075C1E0429A48D0A00C9268B /* README.md */ = {isa = PBXFileReference; fileEncoding = 4; lastKnownFileType = net.daringfireball.markdown; path = README.md; sourceTree = "<group>"; };
		075C1E0629A48F0100C9268B /* MarcaEnums.swift */ = {isa = PBXFileReference; fileEncoding = 4; lastKnownFileType = sourcecode.swift; path = MarcaEnums.swift; sourceTree = "<group>"; };
		075C1E0829A494E600C9268B /* KeyChainProxy.swift */ = {isa = PBXFileReference; lastKnownFileType = sourcecode.swift; path = KeyChainProxy.swift; sourceTree = "<group>"; };
		078523C229767CDE003FDB12 /* Cognito.swift */ = {isa = PBXFileReference; fileEncoding = 4; lastKnownFileType = sourcecode.swift; path = Cognito.swift; sourceTree = "<group>"; };
		078523C429767CDF003FDB12 /* ContentViewParent.swift */ = {isa = PBXFileReference; fileEncoding = 4; lastKnownFileType = sourcecode.swift; path = ContentViewParent.swift; sourceTree = "<group>"; };
		078523CF29767CE1003FDB12 /* MarcaClassFactory.swift */ = {isa = PBXFileReference; fileEncoding = 4; lastKnownFileType = sourcecode.swift; path = MarcaClassFactory.swift; sourceTree = "<group>"; };
		078523D429767CE3003FDB12 /* LoginView.swift */ = {isa = PBXFileReference; fileEncoding = 4; lastKnownFileType = sourcecode.swift; path = LoginView.swift; sourceTree = "<group>"; };
		078523D729767CE4003FDB12 /* _M.swift */ = {isa = PBXFileReference; fileEncoding = 4; lastKnownFileType = sourcecode.swift; path = _M.swift; sourceTree = "<group>"; };
		0785240129767FA2003FDB12 /* awsconfiguration.json */ = {isa = PBXFileReference; fileEncoding = 4; lastKnownFileType = text.json; path = awsconfiguration.json; sourceTree = "<group>"; };
		0785240229767FA3003FDB12 /* amplifyconfiguration.json */ = {isa = PBXFileReference; fileEncoding = 4; lastKnownFileType = text.json; path = amplifyconfiguration.json; sourceTree = "<group>"; };
		07852409297909FE003FDB12 /* TextCreateView.swift */ = {isa = PBXFileReference; fileEncoding = 4; lastKnownFileType = sourcecode.swift; path = TextCreateView.swift; sourceTree = "<group>"; };
		0785240F29790A14003FDB12 /* LogsView.swift */ = {isa = PBXFileReference; fileEncoding = 4; lastKnownFileType = sourcecode.swift; path = LogsView.swift; sourceTree = "<group>"; };
		0785241129790A23003FDB12 /* TaskView.swift */ = {isa = PBXFileReference; fileEncoding = 4; lastKnownFileType = sourcecode.swift; path = TaskView.swift; sourceTree = "<group>"; };
		0785241329790AEF003FDB12 /* ContentView.swift */ = {isa = PBXFileReference; fileEncoding = 4; lastKnownFileType = sourcecode.swift; path = ContentView.swift; sourceTree = "<group>"; };
		079849C8298C766900F3E9DD /* MarcaHeader.swift */ = {isa = PBXFileReference; lastKnownFileType = sourcecode.swift; path = MarcaHeader.swift; sourceTree = "<group>"; };
		079849CA298C76A400F3E9DD /* MarcaFooter.swift */ = {isa = PBXFileReference; lastKnownFileType = sourcecode.swift; path = MarcaFooter.swift; sourceTree = "<group>"; };
		079849CD298DDF4800F3E9DD /* _D.swift */ = {isa = PBXFileReference; lastKnownFileType = sourcecode.swift; path = _D.swift; sourceTree = "<group>"; };
		079849D0298EEFC300F3E9DD /* LogoutChoiceView.swift */ = {isa = PBXFileReference; lastKnownFileType = sourcecode.swift; path = LogoutChoiceView.swift; sourceTree = "<group>"; };
		079849D82990A83500F3E9DD /* MarcaTextField.swift */ = {isa = PBXFileReference; lastKnownFileType = sourcecode.swift; path = MarcaTextField.swift; sourceTree = "<group>"; };
		079849DA2990AB2000F3E9DD /* MarcaButton.swift */ = {isa = PBXFileReference; lastKnownFileType = sourcecode.swift; path = MarcaButton.swift; sourceTree = "<group>"; };
		079849DD29935D6100F3E9DD /* EditProfileView.swift */ = {isa = PBXFileReference; lastKnownFileType = sourcecode.swift; path = EditProfileView.swift; sourceTree = "<group>"; };
		07AEFE8F2985D61B00509471 /* Info.plist */ = {isa = PBXFileReference; lastKnownFileType = text.plist.xml; path = Info.plist; sourceTree = "<group>"; };
		07BCB249299B59BA007E0CAC /* MarcaLogView.swift */ = {isa = PBXFileReference; lastKnownFileType = sourcecode.swift; path = MarcaLogView.swift; sourceTree = "<group>"; };
		07BCB24B299C45DB007E0CAC /* MarcaSelect.swift */ = {isa = PBXFileReference; lastKnownFileType = sourcecode.swift; path = MarcaSelect.swift; sourceTree = "<group>"; };
		07CD065829B3D58E00D32283 /* MarcaProtocols.swift */ = {isa = PBXFileReference; lastKnownFileType = sourcecode.swift; path = MarcaProtocols.swift; sourceTree = "<group>"; };
		07CD065A29B3D5EC00D32283 /* MarcaStructs.swift */ = {isa = PBXFileReference; lastKnownFileType = sourcecode.swift; path = MarcaStructs.swift; sourceTree = "<group>"; };
		07CD065C29B3E87000D32283 /* MarcaExtensions.swift */ = {isa = PBXFileReference; lastKnownFileType = sourcecode.swift; path = MarcaExtensions.swift; sourceTree = "<group>"; };
		07E3A3632975D0AA00D53F12 /* MarcaApp.app */ = {isa = PBXFileReference; explicitFileType = wrapper.application; includeInIndex = 0; path = MarcaApp.app; sourceTree = BUILT_PRODUCTS_DIR; };
		07E3A3662975D0AA00D53F12 /* MarcaAppApp.swift */ = {isa = PBXFileReference; lastKnownFileType = sourcecode.swift; path = MarcaAppApp.swift; sourceTree = "<group>"; };
		07E3A36A2975D0B400D53F12 /* Assets.xcassets */ = {isa = PBXFileReference; lastKnownFileType = folder.assetcatalog; path = Assets.xcassets; sourceTree = "<group>"; };
/* End PBXFileReference section */

/* Begin PBXFrameworksBuildPhase section */
		07E3A3602975D0AA00D53F12 /* Frameworks */ = {
			isa = PBXFrameworksBuildPhase;
			buildActionMask = 2147483647;
			files = (
				078523F629767D90003FDB12 /* AWSDataStorePlugin in Frameworks */,
				0785240029767D90003FDB12 /* Amplify in Frameworks */,
				078523F229767D90003FDB12 /* AWSAPIPlugin in Frameworks */,
				078523FC29767D90003FDB12 /* AWSPluginsCore in Frameworks */,
				078523FE29767D90003FDB12 /* AWSS3StoragePlugin in Frameworks */,
				078523FA29767D90003FDB12 /* AWSPinpointAnalyticsPlugin in Frameworks */,
				078523F829767D90003FDB12 /* AWSLocationGeoPlugin in Frameworks */,
				078523F429767D90003FDB12 /* AWSCognitoAuthPlugin in Frameworks */,
			);
			runOnlyForDeploymentPostprocessing = 0;
		};
/* End PBXFrameworksBuildPhase section */

/* Begin PBXGroup section */
		078523CE29767CE1003FDB12 /* Crucible */ = {
			isa = PBXGroup;
			children = (
				078523CF29767CE1003FDB12 /* MarcaClassFactory.swift */,
				075C1E0629A48F0100C9268B /* MarcaEnums.swift */,
				07CD065829B3D58E00D32283 /* MarcaProtocols.swift */,
				07CD065A29B3D5EC00D32283 /* MarcaStructs.swift */,
				07CD065C29B3E87000D32283 /* MarcaExtensions.swift */,
			);
			path = Crucible;
			sourceTree = "<group>";
		};
		078523D329767CE3003FDB12 /* Auth */ = {
			isa = PBXGroup;
			children = (
				078523C229767CDE003FDB12 /* Cognito.swift */,
				075C1E0829A494E600C9268B /* KeyChainProxy.swift */,
			);
			path = Auth;
			sourceTree = "<group>";
		};
		078523D629767CE4003FDB12 /* Models */ = {
			isa = PBXGroup;
			children = (
				078523D729767CE4003FDB12 /* _M.swift */,
			);
			path = Models;
			sourceTree = "<group>";
		};
		07852406297908E7003FDB12 /* TaskViews */ = {
			isa = PBXGroup;
			children = (
				079849DC29935D3400F3E9DD /* ViewEditProfiles */,
				0785241129790A23003FDB12 /* TaskView.swift */,
				078524082979094A003FDB12 /* CreateLogs */,
				0785240729790940003FDB12 /* ViewLogs */,
			);
			path = TaskViews;
			sourceTree = "<group>";
		};
		0785240729790940003FDB12 /* ViewLogs */ = {
			isa = PBXGroup;
			children = (
				0785240F29790A14003FDB12 /* LogsView.swift */,
			);
			path = ViewLogs;
			sourceTree = "<group>";
		};
		078524082979094A003FDB12 /* CreateLogs */ = {
			isa = PBXGroup;
			children = (
				07852409297909FE003FDB12 /* TextCreateView.swift */,
			);
			path = CreateLogs;
			sourceTree = "<group>";
		};
		079849CC298DDF1300F3E9DD /* Debug */ = {
			isa = PBXGroup;
			children = (
				079849CD298DDF4800F3E9DD /* _D.swift */,
			);
			path = Debug;
			sourceTree = "<group>";
		};
		079849D229907C0700F3E9DD /* Ancillary */ = {
			isa = PBXGroup;
			children = (
				078523D329767CE3003FDB12 /* Auth */,
				079849CC298DDF1300F3E9DD /* Debug */,
				078523CE29767CE1003FDB12 /* Crucible */,
				078523D629767CE4003FDB12 /* Models */,
			);
			path = Ancillary;
			sourceTree = "<group>";
		};
		079849D329907C1200F3E9DD /* Views */ = {
			isa = PBXGroup;
			children = (
				079849D72990A7DA00F3E9DD /* CustomViews */,
				079849D529907DC800F3E9DD /* FrameViews */,
				079849D429907D9B00F3E9DD /* LoginLogout */,
				07852406297908E7003FDB12 /* TaskViews */,
			);
			path = Views;
			sourceTree = "<group>";
		};
		079849D429907D9B00F3E9DD /* LoginLogout */ = {
			isa = PBXGroup;
			children = (
				078523D429767CE3003FDB12 /* LoginView.swift */,
				079849D0298EEFC300F3E9DD /* LogoutChoiceView.swift */,
			);
			path = LoginLogout;
			sourceTree = "<group>";
		};
		079849D529907DC800F3E9DD /* FrameViews */ = {
			isa = PBXGroup;
			children = (
				0785241329790AEF003FDB12 /* ContentView.swift */,
				078523C429767CDF003FDB12 /* ContentViewParent.swift */,
				079849CA298C76A400F3E9DD /* MarcaFooter.swift */,
				079849C8298C766900F3E9DD /* MarcaHeader.swift */,
			);
			path = FrameViews;
			sourceTree = "<group>";
		};
		079849D629908C9200F3E9DD /* Preview Content */ = {
			isa = PBXGroup;
			children = (
			);
			path = "Preview Content";
			sourceTree = "<group>";
		};
		079849D72990A7DA00F3E9DD /* CustomViews */ = {
			isa = PBXGroup;
			children = (
				079849D82990A83500F3E9DD /* MarcaTextField.swift */,
				079849DA2990AB2000F3E9DD /* MarcaButton.swift */,
				07BCB249299B59BA007E0CAC /* MarcaLogView.swift */,
				07BCB24B299C45DB007E0CAC /* MarcaSelect.swift */,
			);
			path = CustomViews;
			sourceTree = "<group>";
		};
		079849DC29935D3400F3E9DD /* ViewEditProfiles */ = {
			isa = PBXGroup;
			children = (
				079849DD29935D6100F3E9DD /* EditProfileView.swift */,
			);
			path = ViewEditProfiles;
			sourceTree = "<group>";
		};
		07E3A35A2975D0A900D53F12 = {
			isa = PBXGroup;
			children = (
				075C1E0429A48D0A00C9268B /* README.md */,
				07E3A36A2975D0B400D53F12 /* Assets.xcassets */,
				07AEFE8F2985D61B00509471 /* Info.plist */,
				07E3A3652975D0AA00D53F12 /* MarcaApp */,
				07E3A3642975D0AA00D53F12 /* Products */,
				9A531F95330D12943A893539 /* AmplifyConfig */,
				CDEAFE9A1C70E82D047099DE /* AmplifyModels */,
			);
			sourceTree = "<group>";
		};
		07E3A3642975D0AA00D53F12 /* Products */ = {
			isa = PBXGroup;
			children = (
				07E3A3632975D0AA00D53F12 /* MarcaApp.app */,
			);
			name = Products;
			sourceTree = "<group>";
		};
		07E3A3652975D0AA00D53F12 /* MarcaApp */ = {
			isa = PBXGroup;
			children = (
				07E3A3662975D0AA00D53F12 /* MarcaAppApp.swift */,
				079849D229907C0700F3E9DD /* Ancillary */,
				079849D629908C9200F3E9DD /* Preview Content */,
				079849D329907C1200F3E9DD /* Views */,
			);
			path = MarcaApp;
			sourceTree = "<group>";
		};
		9A531F95330D12943A893539 /* AmplifyConfig */ = {
			isa = PBXGroup;
			children = (
				0785240229767FA3003FDB12 /* amplifyconfiguration.json */,
				0785240129767FA2003FDB12 /* awsconfiguration.json */,
			);
			name = AmplifyConfig;
			sourceTree = "<group>";
		};
		CDEAFE9A1C70E82D047099DE /* AmplifyModels */ = {
			isa = PBXGroup;
			children = (
			);
			name = AmplifyModels;
			sourceTree = "<group>";
		};
/* End PBXGroup section */

/* Begin PBXNativeTarget section */
		07E3A3622975D0AA00D53F12 /* MarcaApp */ = {
			isa = PBXNativeTarget;
			buildConfigurationList = 07E3A3712975D0B400D53F12 /* Build configuration list for PBXNativeTarget "MarcaApp" */;
			buildPhases = (
				07E3A35F2975D0AA00D53F12 /* Sources */,
				07E3A3602975D0AA00D53F12 /* Frameworks */,
				07E3A3612975D0AA00D53F12 /* Resources */,
			);
			buildRules = (
			);
			dependencies = (
			);
			name = MarcaApp;
			packageProductDependencies = (
				078523F129767D90003FDB12 /* AWSAPIPlugin */,
				078523F329767D90003FDB12 /* AWSCognitoAuthPlugin */,
				078523F529767D90003FDB12 /* AWSDataStorePlugin */,
				078523F729767D90003FDB12 /* AWSLocationGeoPlugin */,
				078523F929767D90003FDB12 /* AWSPinpointAnalyticsPlugin */,
				078523FB29767D90003FDB12 /* AWSPluginsCore */,
				078523FD29767D90003FDB12 /* AWSS3StoragePlugin */,
				078523FF29767D90003FDB12 /* Amplify */,
			);
			productName = MarcaApp;
			productReference = 07E3A3632975D0AA00D53F12 /* MarcaApp.app */;
			productType = "com.apple.product-type.application";
		};
/* End PBXNativeTarget section */

/* Begin PBXProject section */
		07E3A35B2975D0A900D53F12 /* Project object */ = {
			isa = PBXProject;
			attributes = {
				BuildIndependentTargetsInParallel = 1;
				LastSwiftUpdateCheck = 1420;
				LastUpgradeCheck = 1420;
				TargetAttributes = {
					07E3A3622975D0AA00D53F12 = {
						CreatedOnToolsVersion = 14.2;
					};
				};
			};
			buildConfigurationList = 07E3A35E2975D0AA00D53F12 /* Build configuration list for PBXProject "MarcaApp" */;
			compatibilityVersion = "Xcode 14.0";
			developmentRegion = en;
			hasScannedForEncodings = 0;
			knownRegions = (
				en,
				Base,
			);
			mainGroup = 07E3A35A2975D0A900D53F12;
			packageReferences = (
				078523F029767D90003FDB12 /* XCRemoteSwiftPackageReference "amplify-swift" */,
			);
			productRefGroup = 07E3A3642975D0AA00D53F12 /* Products */;
			projectDirPath = "";
			projectRoot = "";
			targets = (
				07E3A3622975D0AA00D53F12 /* MarcaApp */,
			);
		};
/* End PBXProject section */

/* Begin PBXResourcesBuildPhase section */
		07E3A3612975D0AA00D53F12 /* Resources */ = {
			isa = PBXResourcesBuildPhase;
			buildActionMask = 2147483647;
			files = (
				0785240329767FA3003FDB12 /* awsconfiguration.json in Resources */,
				0785240429767FA3003FDB12 /* amplifyconfiguration.json in Resources */,
				075C1E0529A48D0A00C9268B /* README.md in Resources */,
				07E3A36B2975D0B400D53F12 /* Assets.xcassets in Resources */,
			);
			runOnlyForDeploymentPostprocessing = 0;
		};
/* End PBXResourcesBuildPhase section */

/* Begin PBXSourcesBuildPhase section */
		07E3A35F2975D0AA00D53F12 /* Sources */ = {
			isa = PBXSourcesBuildPhase;
			buildActionMask = 2147483647;
			files = (
				0785240C297909FE003FDB12 /* TextCreateView.swift in Sources */,
				07CD065929B3D58E00D32283 /* MarcaProtocols.swift in Sources */,
				078523E429767CE5003FDB12 /* MarcaClassFactory.swift in Sources */,
				0785241429790AEF003FDB12 /* ContentView.swift in Sources */,
				078523E729767CE5003FDB12 /* LoginView.swift in Sources */,
				07CD065D29B3E87000D32283 /* MarcaExtensions.swift in Sources */,
				075C1E0729A48F0100C9268B /* MarcaEnums.swift in Sources */,
				079849D92990A83600F3E9DD /* MarcaTextField.swift in Sources */,
				075C1E0929A494E600C9268B /* KeyChainProxy.swift in Sources */,
				078523DB29767CE4003FDB12 /* Cognito.swift in Sources */,
				078523DD29767CE4003FDB12 /* ContentViewParent.swift in Sources */,
				0785241029790A14003FDB12 /* LogsView.swift in Sources */,
				0785241229790A23003FDB12 /* TaskView.swift in Sources */,
				07BCB24A299B59BA007E0CAC /* MarcaLogView.swift in Sources */,
				079849DB2990AB2000F3E9DD /* MarcaButton.swift in Sources */,
				079849DE29935D6200F3E9DD /* EditProfileView.swift in Sources */,
				079849C9298C766900F3E9DD /* MarcaHeader.swift in Sources */,
				07CD065B29B3D5EC00D32283 /* MarcaStructs.swift in Sources */,
				079849CB298C76A400F3E9DD /* MarcaFooter.swift in Sources */,
				07BCB24C299C45DC007E0CAC /* MarcaSelect.swift in Sources */,
				079849D1298EEFC300F3E9DD /* LogoutChoiceView.swift in Sources */,
				078523E929767CE5003FDB12 /* _M.swift in Sources */,
				07E3A3672975D0AA00D53F12 /* MarcaAppApp.swift in Sources */,
				079849CE298DDF4800F3E9DD /* _D.swift in Sources */,
			);
			runOnlyForDeploymentPostprocessing = 0;
		};
/* End PBXSourcesBuildPhase section */

/* Begin XCBuildConfiguration section */
		07E3A36F2975D0B400D53F12 /* Debug */ = {
			isa = XCBuildConfiguration;
			buildSettings = {
				ALWAYS_SEARCH_USER_PATHS = NO;
				CLANG_ANALYZER_NONNULL = YES;
				CLANG_ANALYZER_NUMBER_OBJECT_CONVERSION = YES_AGGRESSIVE;
				CLANG_CXX_LANGUAGE_STANDARD = "gnu++20";
				CLANG_ENABLE_MODULES = YES;
				CLANG_ENABLE_OBJC_ARC = YES;
				CLANG_ENABLE_OBJC_WEAK = YES;
				CLANG_WARN_BLOCK_CAPTURE_AUTORELEASING = YES;
				CLANG_WARN_BOOL_CONVERSION = YES;
				CLANG_WARN_COMMA = YES;
				CLANG_WARN_CONSTANT_CONVERSION = YES;
				CLANG_WARN_DEPRECATED_OBJC_IMPLEMENTATIONS = YES;
				CLANG_WARN_DIRECT_OBJC_ISA_USAGE = YES_ERROR;
				CLANG_WARN_DOCUMENTATION_COMMENTS = YES;
				CLANG_WARN_EMPTY_BODY = YES;
				CLANG_WARN_ENUM_CONVERSION = YES;
				CLANG_WARN_INFINITE_RECURSION = YES;
				CLANG_WARN_INT_CONVERSION = YES;
				CLANG_WARN_NON_LITERAL_NULL_CONVERSION = YES;
				CLANG_WARN_OBJC_IMPLICIT_RETAIN_SELF = YES;
				CLANG_WARN_OBJC_LITERAL_CONVERSION = YES;
				CLANG_WARN_OBJC_ROOT_CLASS = YES_ERROR;
				CLANG_WARN_QUOTED_INCLUDE_IN_FRAMEWORK_HEADER = YES;
				CLANG_WARN_RANGE_LOOP_ANALYSIS = YES;
				CLANG_WARN_STRICT_PROTOTYPES = YES;
				CLANG_WARN_SUSPICIOUS_MOVE = YES;
				CLANG_WARN_UNGUARDED_AVAILABILITY = YES_AGGRESSIVE;
				CLANG_WARN_UNREACHABLE_CODE = YES;
				CLANG_WARN__DUPLICATE_METHOD_MATCH = YES;
				COPY_PHASE_STRIP = NO;
				DEBUG_INFORMATION_FORMAT = dwarf;
				ENABLE_STRICT_OBJC_MSGSEND = YES;
				ENABLE_TESTABILITY = YES;
				GCC_C_LANGUAGE_STANDARD = gnu11;
				GCC_DYNAMIC_NO_PIC = NO;
				GCC_NO_COMMON_BLOCKS = YES;
				GCC_OPTIMIZATION_LEVEL = 0;
				GCC_PREPROCESSOR_DEFINITIONS = (
					"DEBUG=1",
					"$(inherited)",
				);
				GCC_WARN_64_TO_32_BIT_CONVERSION = YES;
				GCC_WARN_ABOUT_RETURN_TYPE = YES_ERROR;
				GCC_WARN_UNDECLARED_SELECTOR = YES;
				GCC_WARN_UNINITIALIZED_AUTOS = YES_AGGRESSIVE;
				GCC_WARN_UNUSED_FUNCTION = YES;
				GCC_WARN_UNUSED_VARIABLE = YES;
				IPHONEOS_DEPLOYMENT_TARGET = 16.2;
				MTL_ENABLE_DEBUG_INFO = INCLUDE_SOURCE;
				MTL_FAST_MATH = YES;
				ONLY_ACTIVE_ARCH = YES;
				SDKROOT = iphoneos;
				SWIFT_ACTIVE_COMPILATION_CONDITIONS = DEBUG;
				SWIFT_OPTIMIZATION_LEVEL = "-Onone";
			};
			name = Debug;
		};
		07E3A3702975D0B400D53F12 /* Release */ = {
			isa = XCBuildConfiguration;
			buildSettings = {
				ALWAYS_SEARCH_USER_PATHS = NO;
				CLANG_ANALYZER_NONNULL = YES;
				CLANG_ANALYZER_NUMBER_OBJECT_CONVERSION = YES_AGGRESSIVE;
				CLANG_CXX_LANGUAGE_STANDARD = "gnu++20";
				CLANG_ENABLE_MODULES = YES;
				CLANG_ENABLE_OBJC_ARC = YES;
				CLANG_ENABLE_OBJC_WEAK = YES;
				CLANG_WARN_BLOCK_CAPTURE_AUTORELEASING = YES;
				CLANG_WARN_BOOL_CONVERSION = YES;
				CLANG_WARN_COMMA = YES;
				CLANG_WARN_CONSTANT_CONVERSION = YES;
				CLANG_WARN_DEPRECATED_OBJC_IMPLEMENTATIONS = YES;
				CLANG_WARN_DIRECT_OBJC_ISA_USAGE = YES_ERROR;
				CLANG_WARN_DOCUMENTATION_COMMENTS = YES;
				CLANG_WARN_EMPTY_BODY = YES;
				CLANG_WARN_ENUM_CONVERSION = YES;
				CLANG_WARN_INFINITE_RECURSION = YES;
				CLANG_WARN_INT_CONVERSION = YES;
				CLANG_WARN_NON_LITERAL_NULL_CONVERSION = YES;
				CLANG_WARN_OBJC_IMPLICIT_RETAIN_SELF = YES;
				CLANG_WARN_OBJC_LITERAL_CONVERSION = YES;
				CLANG_WARN_OBJC_ROOT_CLASS = YES_ERROR;
				CLANG_WARN_QUOTED_INCLUDE_IN_FRAMEWORK_HEADER = YES;
				CLANG_WARN_RANGE_LOOP_ANALYSIS = YES;
				CLANG_WARN_STRICT_PROTOTYPES = YES;
				CLANG_WARN_SUSPICIOUS_MOVE = YES;
				CLANG_WARN_UNGUARDED_AVAILABILITY = YES_AGGRESSIVE;
				CLANG_WARN_UNREACHABLE_CODE = YES;
				CLANG_WARN__DUPLICATE_METHOD_MATCH = YES;
				COPY_PHASE_STRIP = NO;
				DEBUG_INFORMATION_FORMAT = "dwarf-with-dsym";
				ENABLE_NS_ASSERTIONS = NO;
				ENABLE_STRICT_OBJC_MSGSEND = YES;
				GCC_C_LANGUAGE_STANDARD = gnu11;
				GCC_NO_COMMON_BLOCKS = YES;
				GCC_WARN_64_TO_32_BIT_CONVERSION = YES;
				GCC_WARN_ABOUT_RETURN_TYPE = YES_ERROR;
				GCC_WARN_UNDECLARED_SELECTOR = YES;
				GCC_WARN_UNINITIALIZED_AUTOS = YES_AGGRESSIVE;
				GCC_WARN_UNUSED_FUNCTION = YES;
				GCC_WARN_UNUSED_VARIABLE = YES;
				IPHONEOS_DEPLOYMENT_TARGET = 16.2;
				MTL_ENABLE_DEBUG_INFO = NO;
				MTL_FAST_MATH = YES;
				SDKROOT = iphoneos;
				SWIFT_COMPILATION_MODE = wholemodule;
				SWIFT_OPTIMIZATION_LEVEL = "-O";
				VALIDATE_PRODUCT = YES;
			};
			name = Release;
		};
		07E3A3722975D0B400D53F12 /* Debug */ = {
			isa = XCBuildConfiguration;
			buildSettings = {
				ASSETCATALOG_COMPILER_APPICON_NAME = AppIcon;
				ASSETCATALOG_COMPILER_GLOBAL_ACCENT_COLOR_NAME = AccentColor;
				CODE_SIGN_STYLE = Automatic;
				CURRENT_PROJECT_VERSION = 1;
				DEVELOPMENT_ASSET_PATHS = "\"MarcaApp/Preview Content\"";
				DEVELOPMENT_TEAM = ZCE6ZMC8L7;
				ENABLE_PREVIEWS = YES;
				GENERATE_INFOPLIST_FILE = YES;
				INFOPLIST_FILE = MarcaApp/Info.plist;
				INFOPLIST_KEY_UIApplicationSupportsIndirectInputEvents = YES;
				INFOPLIST_KEY_UILaunchScreen_Generation = YES;
				INFOPLIST_KEY_UISupportedInterfaceOrientations_iPad = "UIInterfaceOrientationPortrait UIInterfaceOrientationPortraitUpsideDown UIInterfaceOrientationLandscapeLeft UIInterfaceOrientationLandscapeRight";
				INFOPLIST_KEY_UISupportedInterfaceOrientations_iPhone = "UIInterfaceOrientationPortrait UIInterfaceOrientationLandscapeLeft UIInterfaceOrientationLandscapeRight";
				IPHONEOS_DEPLOYMENT_TARGET = 16.2;
				LD_RUNPATH_SEARCH_PATHS = (
					"$(inherited)",
					"@executable_path/Frameworks",
				);
				MARKETING_VERSION = 1.0;
				PRODUCT_BUNDLE_IDENTIFIER = com.everphase.MarcaApp;
				PRODUCT_NAME = "$(TARGET_NAME)";
				SWIFT_EMIT_LOC_STRINGS = YES;
				SWIFT_VERSION = 5.0;
				TARGETED_DEVICE_FAMILY = "1,2";
			};
			name = Debug;
		};
		07E3A3732975D0B400D53F12 /* Release */ = {
			isa = XCBuildConfiguration;
			buildSettings = {
				ASSETCATALOG_COMPILER_APPICON_NAME = AppIcon;
				ASSETCATALOG_COMPILER_GLOBAL_ACCENT_COLOR_NAME = AccentColor;
				CODE_SIGN_STYLE = Automatic;
				CURRENT_PROJECT_VERSION = 1;
				DEVELOPMENT_ASSET_PATHS = "\"MarcaApp/Preview Content\"";
				DEVELOPMENT_TEAM = ZCE6ZMC8L7;
				ENABLE_PREVIEWS = YES;
				GENERATE_INFOPLIST_FILE = YES;
				INFOPLIST_FILE = MarcaApp/Info.plist;
				INFOPLIST_KEY_UIApplicationSupportsIndirectInputEvents = YES;
				INFOPLIST_KEY_UILaunchScreen_Generation = YES;
				INFOPLIST_KEY_UISupportedInterfaceOrientations_iPad = "UIInterfaceOrientationPortrait UIInterfaceOrientationPortraitUpsideDown UIInterfaceOrientationLandscapeLeft UIInterfaceOrientationLandscapeRight";
				INFOPLIST_KEY_UISupportedInterfaceOrientations_iPhone = "UIInterfaceOrientationPortrait UIInterfaceOrientationLandscapeLeft UIInterfaceOrientationLandscapeRight";
				IPHONEOS_DEPLOYMENT_TARGET = 16.2;
				LD_RUNPATH_SEARCH_PATHS = (
					"$(inherited)",
					"@executable_path/Frameworks",
				);
				MARKETING_VERSION = 1.0;
				PRODUCT_BUNDLE_IDENTIFIER = com.everphase.MarcaApp;
				PRODUCT_NAME = "$(TARGET_NAME)";
				SWIFT_EMIT_LOC_STRINGS = YES;
				SWIFT_VERSION = 5.0;
				TARGETED_DEVICE_FAMILY = "1,2";
			};
			name = Release;
		};
/* End XCBuildConfiguration section */

/* Begin XCConfigurationList section */
		07E3A35E2975D0AA00D53F12 /* Build configuration list for PBXProject "MarcaApp" */ = {
			isa = XCConfigurationList;
			buildConfigurations = (
				07E3A36F2975D0B400D53F12 /* Debug */,
				07E3A3702975D0B400D53F12 /* Release */,
			);
			defaultConfigurationIsVisible = 0;
			defaultConfigurationName = Release;
		};
		07E3A3712975D0B400D53F12 /* Build configuration list for PBXNativeTarget "MarcaApp" */ = {
			isa = XCConfigurationList;
			buildConfigurations = (
				07E3A3722975D0B400D53F12 /* Debug */,
				07E3A3732975D0B400D53F12 /* Release */,
			);
			defaultConfigurationIsVisible = 0;
			defaultConfigurationName = Release;
		};
/* End XCConfigurationList section */

/* Begin XCRemoteSwiftPackageReference section */
		078523F029767D90003FDB12 /* XCRemoteSwiftPackageReference "amplify-swift" */ = {
			isa = XCRemoteSwiftPackageReference;
			repositoryURL = "https://github.com/aws-amplify/amplify-swift";
			requirement = {
				kind = upToNextMajorVersion;
				minimumVersion = 2.3.1;
			};
		};
/* End XCRemoteSwiftPackageReference section */

/* Begin XCSwiftPackageProductDependency section */
		078523F129767D90003FDB12 /* AWSAPIPlugin */ = {
			isa = XCSwiftPackageProductDependency;
			package = 078523F029767D90003FDB12 /* XCRemoteSwiftPackageReference "amplify-swift" */;
			productName = AWSAPIPlugin;
		};
		078523F329767D90003FDB12 /* AWSCognitoAuthPlugin */ = {
			isa = XCSwiftPackageProductDependency;
			package = 078523F029767D90003FDB12 /* XCRemoteSwiftPackageReference "amplify-swift" */;
			productName = AWSCognitoAuthPlugin;
		};
		078523F529767D90003FDB12 /* AWSDataStorePlugin */ = {
			isa = XCSwiftPackageProductDependency;
			package = 078523F029767D90003FDB12 /* XCRemoteSwiftPackageReference "amplify-swift" */;
			productName = AWSDataStorePlugin;
		};
		078523F729767D90003FDB12 /* AWSLocationGeoPlugin */ = {
			isa = XCSwiftPackageProductDependency;
			package = 078523F029767D90003FDB12 /* XCRemoteSwiftPackageReference "amplify-swift" */;
			productName = AWSLocationGeoPlugin;
		};
		078523F929767D90003FDB12 /* AWSPinpointAnalyticsPlugin */ = {
			isa = XCSwiftPackageProductDependency;
			package = 078523F029767D90003FDB12 /* XCRemoteSwiftPackageReference "amplify-swift" */;
			productName = AWSPinpointAnalyticsPlugin;
		};
		078523FB29767D90003FDB12 /* AWSPluginsCore */ = {
			isa = XCSwiftPackageProductDependency;
			package = 078523F029767D90003FDB12 /* XCRemoteSwiftPackageReference "amplify-swift" */;
			productName = AWSPluginsCore;
		};
		078523FD29767D90003FDB12 /* AWSS3StoragePlugin */ = {
			isa = XCSwiftPackageProductDependency;
			package = 078523F029767D90003FDB12 /* XCRemoteSwiftPackageReference "amplify-swift" */;
			productName = AWSS3StoragePlugin;
		};
		078523FF29767D90003FDB12 /* Amplify */ = {
			isa = XCSwiftPackageProductDependency;
			package = 078523F029767D90003FDB12 /* XCRemoteSwiftPackageReference "amplify-swift" */;
			productName = Amplify;
		};
/* End XCSwiftPackageProductDependency section */
	};
	rootObject = 07E3A35B2975D0A900D53F12 /* Project object */;
}
